// !$*UTF8*$!
{
	archiveVersion = 1;
	classes = {
	};
	objectVersion = 46;
	objects = {

/* Begin PBXBuildFile section */
		438CDAEB19DDFC2E005DBB65 /* AppDelegate.swift in Sources */ = {isa = PBXBuildFile; fileRef = 438CDAEA19DDFC2E005DBB65 /* AppDelegate.swift */; };
		438CDAED19DDFC2E005DBB65 /* ViewController.swift in Sources */ = {isa = PBXBuildFile; fileRef = 438CDAEC19DDFC2E005DBB65 /* ViewController.swift */; };
		438CDAF019DDFC2E005DBB65 /* Main.storyboard in Resources */ = {isa = PBXBuildFile; fileRef = 438CDAEE19DDFC2E005DBB65 /* Main.storyboard */; };
		438CDAF219DDFC2E005DBB65 /* Images.xcassets in Resources */ = {isa = PBXBuildFile; fileRef = 438CDAF119DDFC2E005DBB65 /* Images.xcassets */; };
		438CDAF519DDFC2E005DBB65 /* LaunchScreen.xib in Resources */ = {isa = PBXBuildFile; fileRef = 438CDAF319DDFC2E005DBB65 /* LaunchScreen.xib */; };
		438CDB0119DDFC2E005DBB65 /* PostcardTests.swift in Sources */ = {isa = PBXBuildFile; fileRef = 438CDB0019DDFC2E005DBB65 /* PostcardTests.swift */; };
		43AAE4CB19E0293E00CA8313 /* SagradaFamilia.jpeg in Resources */ = {isa = PBXBuildFile; fileRef = 43AAE4CA19E0293E00CA8313 /* SagradaFamilia.jpeg */; };
		43AAE4CD19E02E1900CA8313 /* AlbertEinsteinStamp.jpg in Resources */ = {isa = PBXBuildFile; fileRef = 43AAE4CC19E02E1900CA8313 /* AlbertEinsteinStamp.jpg */; };
/* End PBXBuildFile section */

/* Begin PBXContainerItemProxy section */
		438CDAFB19DDFC2E005DBB65 /* PBXContainerItemProxy */ = {
			isa = PBXContainerItemProxy;
			containerPortal = 438CDADD19DDFC2E005DBB65 /* Project object */;
			proxyType = 1;
			remoteGlobalIDString = 438CDAE419DDFC2E005DBB65;
			remoteInfo = Postcard;
		};
/* End PBXContainerItemProxy section */

/* Begin PBXFileReference section */
		438CDAE519DDFC2E005DBB65 /* Postcard.app */ = {isa = PBXFileReference; explicitFileType = wrapper.application; includeInIndex = 0; path = Postcard.app; sourceTree = BUILT_PRODUCTS_DIR; };
		438CDAE919DDFC2E005DBB65 /* Info.plist */ = {isa = PBXFileReference; lastKnownFileType = text.plist.xml; path = Info.plist; sourceTree = "<group>"; };
		438CDAEA19DDFC2E005DBB65 /* AppDelegate.swift */ = {isa = PBXFileReference; lastKnownFileType = sourcecode.swift; path = AppDelegate.swift; sourceTree = "<group>"; };
		438CDAEC19DDFC2E005DBB65 /* ViewController.swift */ = {isa = PBXFileReference; lastKnownFileType = sourcecode.swift; path = ViewController.swift; sourceTree = "<group>"; };
		438CDAEF19DDFC2E005DBB65 /* Base */ = {isa = PBXFileReference; lastKnownFileType = file.storyboard; name = Base; path = Base.lproj/Main.storyboard; sourceTree = "<group>"; };
		438CDAF119DDFC2E005DBB65 /* Images.xcassets */ = {isa = PBXFileReference; lastKnownFileType = folder.assetcatalog; path = Images.xcassets; sourceTree = "<group>"; };
		438CDAF419DDFC2E005DBB65 /* Base */ = {isa = PBXFileReference; lastKnownFileType = file.xib; name = Base; path = Base.lproj/LaunchScreen.xib; sourceTree = "<group>"; };
		438CDAFA19DDFC2E005DBB65 /* PostcardTests.xctest */ = {isa = PBXFileReference; explicitFileType = wrapper.cfbundle; includeInIndex = 0; path = PostcardTests.xctest; sourceTree = BUILT_PRODUCTS_DIR; };
		438CDAFF19DDFC2E005DBB65 /* Info.plist */ = {isa = PBXFileReference; lastKnownFileType = text.plist.xml; path = Info.plist; sourceTree = "<group>"; };
		438CDB0019DDFC2E005DBB65 /* PostcardTests.swift */ = {isa = PBXFileReference; lastKnownFileType = sourcecode.swift; path = PostcardTests.swift; sourceTree = "<group>"; };
		43AAE4CA19E0293E00CA8313 /* SagradaFamilia.jpeg */ = {isa = PBXFileReference; lastKnownFileType = image.jpeg; name = SagradaFamilia.jpeg; path = PostcardTests/SagradaFamilia.jpeg; sourceTree = SOURCE_ROOT; };
		43AAE4CC19E02E1900CA8313 /* AlbertEinsteinStamp.jpg */ = {isa = PBXFileReference; lastKnownFileType = image.jpeg; path = AlbertEinsteinStamp.jpg; sourceTree = "<group>"; };
/* End PBXFileReference section */

/* Begin PBXFrameworksBuildPhase section */
		438CDAE219DDFC2E005DBB65 /* Frameworks */ = {
			isa = PBXFrameworksBuildPhase;
			buildActionMask = 2147483647;
			files = (
			);
			runOnlyForDeploymentPostprocessing = 0;
		};
		438CDAF719DDFC2E005DBB65 /* Frameworks */ = {
			isa = PBXFrameworksBuildPhase;
			buildActionMask = 2147483647;
			files = (
			);
			runOnlyForDeploymentPostprocessing = 0;
		};
/* End PBXFrameworksBuildPhase section */

/* Begin PBXGroup section */
		438CDADC19DDFC2E005DBB65 = {
			isa = PBXGroup;
			children = (
				438CDAE719DDFC2E005DBB65 /* Postcard */,
				438CDAFD19DDFC2E005DBB65 /* PostcardTests */,
				438CDAE619DDFC2E005DBB65 /* Products */,
			);
			sourceTree = "<group>";
		};
		438CDAE619DDFC2E005DBB65 /* Products */ = {
			isa = PBXGroup;
			children = (
				438CDAE519DDFC2E005DBB65 /* Postcard.app */,
				438CDAFA19DDFC2E005DBB65 /* PostcardTests.xctest */,
			);
			name = Products;
			sourceTree = "<group>";
		};
		438CDAE719DDFC2E005DBB65 /* Postcard */ = {
			isa = PBXGroup;
			children = (
				438CDAEA19DDFC2E005DBB65 /* AppDelegate.swift */,
				438CDAEC19DDFC2E005DBB65 /* ViewController.swift */,
				438CDAEE19DDFC2E005DBB65 /* Main.storyboard */,
				438CDAF119DDFC2E005DBB65 /* Images.xcassets */,
				438CDAF319DDFC2E005DBB65 /* LaunchScreen.xib */,
				438CDAE819DDFC2E005DBB65 /* Supporting Files */,
			);
			path = Postcard;
			sourceTree = "<group>";
		};
		438CDAE819DDFC2E005DBB65 /* Supporting Files */ = {
			isa = PBXGroup;
			children = (
				43AAE4CC19E02E1900CA8313 /* AlbertEinsteinStamp.jpg */,
				43AAE4CA19E0293E00CA8313 /* SagradaFamilia.jpeg */,
				438CDAE919DDFC2E005DBB65 /* Info.plist */,
			);
			name = "Supporting Files";
			sourceTree = "<group>";
		};
		438CDAFD19DDFC2E005DBB65 /* PostcardTests */ = {
			isa = PBXGroup;
			children = (
				438CDB0019DDFC2E005DBB65 /* PostcardTests.swift */,
				438CDAFE19DDFC2E005DBB65 /* Supporting Files */,
			);
			path = PostcardTests;
			sourceTree = "<group>";
		};
		438CDAFE19DDFC2E005DBB65 /* Supporting Files */ = {
			isa = PBXGroup;
			children = (
				438CDAFF19DDFC2E005DBB65 /* Info.plist */,
			);
			name = "Supporting Files";
			sourceTree = "<group>";
		};
/* End PBXGroup section */

/* Begin PBXNativeTarget section */
		438CDAE419DDFC2E005DBB65 /* Postcard */ = {
			isa = PBXNativeTarget;
			buildConfigurationList = 438CDB0419DDFC2E005DBB65 /* Build configuration list for PBXNativeTarget "Postcard" */;
			buildPhases = (
				438CDAE119DDFC2E005DBB65 /* Sources */,
				438CDAE219DDFC2E005DBB65 /* Frameworks */,
				438CDAE319DDFC2E005DBB65 /* Resources */,
			);
			buildRules = (
			);
			dependencies = (
			);
			name = Postcard;
			productName = Postcard;
			productReference = 438CDAE519DDFC2E005DBB65 /* Postcard.app */;
			productType = "com.apple.product-type.application";
		};
		438CDAF919DDFC2E005DBB65 /* PostcardTests */ = {
			isa = PBXNativeTarget;
			buildConfigurationList = 438CDB0719DDFC2E005DBB65 /* Build configuration list for PBXNativeTarget "PostcardTests" */;
			buildPhases = (
				438CDAF619DDFC2E005DBB65 /* Sources */,
				438CDAF719DDFC2E005DBB65 /* Frameworks */,
				438CDAF819DDFC2E005DBB65 /* Resources */,
			);
			buildRules = (
			);
			dependencies = (
				438CDAFC19DDFC2E005DBB65 /* PBXTargetDependency */,
			);
			name = PostcardTests;
			productName = PostcardTests;
			productReference = 438CDAFA19DDFC2E005DBB65 /* PostcardTests.xctest */;
			productType = "com.apple.product-type.bundle.unit-test";
		};
/* End PBXNativeTarget section */

/* Begin PBXProject section */
		438CDADD19DDFC2E005DBB65 /* Project object */ = {
			isa = PBXProject;
			attributes = {
				LastUpgradeCheck = 0600;
				ORGANIZATIONNAME = Anselm;
				TargetAttributes = {
					438CDAE419DDFC2E005DBB65 = {
						CreatedOnToolsVersion = 6.0.1;
					};
					438CDAF919DDFC2E005DBB65 = {
						CreatedOnToolsVersion = 6.0.1;
						TestTargetID = 438CDAE419DDFC2E005DBB65;
					};
				};
			};
			buildConfigurationList = 438CDAE019DDFC2E005DBB65 /* Build configuration list for PBXProject "Postcard" */;
			compatibilityVersion = "Xcode 3.2";
			developmentRegion = English;
			hasScannedForEncodings = 0;
			knownRegions = (
				en,
				Base,
			);
			mainGroup = 438CDADC19DDFC2E005DBB65;
			productRefGroup = 438CDAE619DDFC2E005DBB65 /* Products */;
			projectDirPath = "";
			projectRoot = "";
			targets = (
				438CDAE419DDFC2E005DBB65 /* Postcard */,
				438CDAF919DDFC2E005DBB65 /* PostcardTests */,
			);
		};
/* End PBXProject section */

/* Begin PBXResourcesBuildPhase section */
		438CDAE319DDFC2E005DBB65 /* Resources */ = {
			isa = PBXResourcesBuildPhase;
			buildActionMask = 2147483647;
			files = (
				438CDAF019DDFC2E005DBB65 /* Main.storyboard in Resources */,
				43AAE4CB19E0293E00CA8313 /* SagradaFamilia.jpeg in Resources */,
				43AAE4CD19E02E1900CA8313 /* AlbertEinsteinStamp.jpg in Resources */,
				438CDAF519DDFC2E005DBB65 /* LaunchScreen.xib in Resources */,
				438CDAF219DDFC2E005DBB65 /* Images.xcassets in Resources */,
			);
			runOnlyForDeploymentPostprocessing = 0;
		};
		438CDAF819DDFC2E005DBB65 /* Resources */ = {
			isa = PBXResourcesBuildPhase;
			buildActionMask = 2147483647;
			files = (
			);
			runOnlyForDeploymentPostprocessing = 0;
		};
/* End PBXResourcesBuildPhase section */

/* Begin PBXSourcesBuildPhase section */
		438CDAE119DDFC2E005DBB65 /* Sources */ = {
			isa = PBXSourcesBuildPhase;
			buildActionMask = 2147483647;
			files = (
				438CDAED19DDFC2E005DBB65 /* ViewController.swift in Sources */,
				438CDAEB19DDFC2E005DBB65 /* AppDelegate.swift in Sources */,
			);
			runOnlyForDeploymentPostprocessing = 0;
		};
		438CDAF619DDFC2E005DBB65 /* Sources */ = {
			isa = PBXSourcesBuildPhase;
			buildActionMask = 2147483647;
			files = (
				438CDB0119DDFC2E005DBB65 /* PostcardTests.swift in Sources */,
			);
			runOnlyForDeploymentPostprocessing = 0;
		};
/* End PBXSourcesBuildPhase section */

/* Begin PBXTargetDependency section */
		438CDAFC19DDFC2E005DBB65 /* PBXTargetDependency */ = {
			isa = PBXTargetDependency;
			target = 438CDAE419DDFC2E005DBB65 /* Postcard */;
			targetProxy = 438CDAFB19DDFC2E005DBB65 /* PBXContainerItemProxy */;
		};
/* End PBXTargetDependency section */

/* Begin PBXVariantGroup section */
		438CDAEE19DDFC2E005DBB65 /* Main.storyboard */ = {
			isa = PBXVariantGroup;
			children = (
				438CDAEF19DDFC2E005DBB65 /* Base */,
			);
			name = Main.storyboard;
			sourceTree = "<group>";
		};
		438CDAF319DDFC2E005DBB65 /* LaunchScreen.xib */ = {
			isa = PBXVariantGroup;
			children = (
				438CDAF419DDFC2E005DBB65 /* Base */,
			);
			name = LaunchScreen.xib;
			sourceTree = "<group>";
		};
/* End PBXVariantGroup section */

/* Begin XCBuildConfiguration section */
		438CDB0219DDFC2E005DBB65 /* Debug */ = {
			isa = XCBuildConfiguration;
			buildSettings = {
				ALWAYS_SEARCH_USER_PATHS = NO;
				CLANG_CXX_LANGUAGE_STANDARD = "gnu++0x";
				CLANG_CXX_LIBRARY = "libc++";
				CLANG_ENABLE_MODULES = YES;
				CLANG_ENABLE_OBJC_ARC = YES;
				CLANG_WARN_BOOL_CONVERSION = YES;
				CLANG_WARN_CONSTANT_CONVERSION = YES;
				CLANG_WARN_DIRECT_OBJC_ISA_USAGE = YES_ERROR;
				CLANG_WARN_EMPTY_BODY = YES;
				CLANG_WARN_ENUM_CONVERSION = YES;
				CLANG_WARN_INT_CONVERSION = YES;
				CLANG_WARN_OBJC_ROOT_CLASS = YES_ERROR;
				CLANG_WARN_UNREACHABLE_CODE = YES;
				CLANG_WARN__DUPLICATE_METHOD_MATCH = YES;
				"CODE_SIGN_IDENTITY[sdk=iphoneos*]" = "iPhone Developer";
				COPY_PHASE_STRIP = NO;
				ENABLE_STRICT_OBJC_MSGSEND = YES;
				GCC_C_LANGUAGE_STANDARD = gnu99;
				GCC_DYNAMIC_NO_PIC = NO;
				GCC_OPTIMIZATION_LEVEL = 0;
				GCC_PREPROCESSOR_DEFINITIONS = (
					"DEBUG=1",
					"$(inherited)",
				);
				GCC_SYMBOLS_PRIVATE_EXTERN = NO;
				GCC_WARN_64_TO_32_BIT_CONVERSION = YES;
				GCC_WARN_ABOUT_RETURN_TYPE = YES_ERROR;
				GCC_WARN_UNDECLARED_SELECTOR = YES;
				GCC_WARN_UNINITIALIZED_AUTOS = YES_AGGRESSIVE;
				GCC_WARN_UNUSED_FUNCTION = YES;
				GCC_WARN_UNUSED_VARIABLE = YES;
				IPHONEOS_DEPLOYMENT_TARGET = 8.0;
				MTL_ENABLE_DEBUG_INFO = YES;
				ONLY_ACTIVE_ARCH = YES;
				SDKROOT = iphoneos;
				SWIFT_OPTIMIZATION_LEVEL = "-Onone";
				TARGETED_DEVICE_FAMILY = "1,2";
			};
			name = Debug;
		};
		438CDB0319DDFC2E005DBB65 /* Release */ = {
			isa = XCBuildConfiguration;
			buildSettings = {
				ALWAYS_SEARCH_USER_PATHS = NO;
				CLANG_CXX_LANGUAGE_STANDARD = "gnu++0x";
				CLANG_CXX_LIBRARY = "libc++";
				CLANG_ENABLE_MODULES = YES;
				CLANG_ENABLE_OBJC_ARC = YES;
				CLANG_WARN_BOOL_CONVERSION = YES;
				CLANG_WARN_CONSTANT_CONVERSION = YES;
				CLANG_WARN_DIRECT_OBJC_ISA_USAGE = YES_ERROR;
				CLANG_WARN_EMPTY_BODY = YES;
				CLANG_WARN_ENUM_CONVERSION = YES;
				CLANG_WARN_INT_CONVERSION = YES;
				CLANG_WARN_OBJC_ROOT_CLASS = YES_ERROR;
				CLANG_WARN_UNREACHABLE_CODE = YES;
				CLANG_WARN__DUPLICATE_METHOD_MATCH = YES;
				"CODE_SIGN_IDENTITY[sdk=iphoneos*]" = "iPhone Developer";
				COPY_PHASE_STRIP = YES;
				ENABLE_NS_ASSERTIONS = NO;
				ENABLE_STRICT_OBJC_MSGSEND = YES;
				GCC_C_LANGUAGE_STANDARD = gnu99;
				GCC_WARN_64_TO_32_BIT_CONVERSION = YES;
				GCC_WARN_ABOUT_RETURN_TYPE = YES_ERROR;
				GCC_WARN_UNDECLARED_SELECTOR = YES;
				GCC_WARN_UNINITIALIZED_AUTOS = YES_AGGRESSIVE;
				GCC_WARN_UNUSED_FUNCTION = YES;
				GCC_WARN_UNUSED_VARIABLE = YES;
				IPHONEOS_DEPLOYMENT_TARGET = 8.0;
				MTL_ENABLE_DEBUG_INFO = NO;
				SDKROOT = iphoneos;
				TARGETED_DEVICE_FAMILY = "1,2";
				VALIDATE_PRODUCT = YES;
			};
			name = Release;
		};
		438CDB0519DDFC2E005DBB65 /* Debug */ = {
			isa = XCBuildConfiguration;
			buildSettings = {
				ASSETCATALOG_COMPILER_APPICON_NAME = AppIcon;
				INFOPLIST_FILE = Postcard/Info.plist;
				LD_RUNPATH_SEARCH_PATHS = "$(inherited) @executable_path/Frameworks";
				PRODUCT_NAME = "$(TARGET_NAME)";
			};
			name = Debug;
		};
		438CDB0619DDFC2E005DBB65 /* Release */ = {
			isa = XCBuildConfiguration;
			buildSettings = {
				ASSETCATALOG_COMPILER_APPICON_NAME = AppIcon;
				INFOPLIST_FILE = Postcard/Info.plist;
				LD_RUNPATH_SEARCH_PATHS = "$(inherited) @executable_path/Frameworks";
				PRODUCT_NAME = "$(TARGET_NAME)";
			};
			name = Release;
		};
		438CDB0819DDFC2E005DBB65 /* Debug */ = {
			isa = XCBuildConfiguration;
			buildSettings = {
				BUNDLE_LOADER = "$(TEST_HOST)";
				FRAMEWORK_SEARCH_PATHS = (
					"$(SDKROOT)/Developer/Library/Frameworks",
					"$(inherited)",
				);
				GCC_PREPROCESSOR_DEFINITIONS = (
					"DEBUG=1",
					"$(inherited)",
				);
				INFOPLIST_FILE = PostcardTests/Info.plist;
				LD_RUNPATH_SEARCH_PATHS = "$(inherited) @executable_path/Frameworks @loader_path/Frameworks";
				PRODUCT_NAME = "$(TARGET_NAME)";
				TEST_HOST = "$(BUILT_PRODUCTS_DIR)/Postcard.app/Postcard";
			};
			name = Debug;
		};
		438CDB0919DDFC2E005DBB65 /* Release */ = {
			isa = XCBuildConfiguration;
			buildSettings = {
				BUNDLE_LOADER = "$(TEST_HOST)";
				FRAMEWORK_SEARCH_PATHS = (
					"$(SDKROOT)/Developer/Library/Frameworks",
					"$(inherited)",
				);
				INFOPLIST_FILE = PostcardTests/Info.plist;
				LD_RUNPATH_SEARCH_PATHS = "$(inherited) @executable_path/Frameworks @loader_path/Frameworks";
				PRODUCT_NAME = "$(TARGET_NAME)";
				TEST_HOST = "$(BUILT_PRODUCTS_DIR)/Postcard.app/Postcard";
			};
			name = Release;
		};
/* End XCBuildConfiguration section */

/* Begin XCConfigurationList section */
		438CDAE019DDFC2E005DBB65 /* Build configuration list for PBXProject "Postcard" */ = {
			isa = XCConfigurationList;
			buildConfigurations = (
				438CDB0219DDFC2E005DBB65 /* Debug */,
				438CDB0319DDFC2E005DBB65 /* Release */,
			);
			defaultConfigurationIsVisible = 0;
			defaultConfigurationName = Release;
		};
		438CDB0419DDFC2E005DBB65 /* Build configuration list for PBXNativeTarget "Postcard" */ = {
			isa = XCConfigurationList;
			buildConfigurations = (
				438CDB0519DDFC2E005DBB65 /* Debug */,
				438CDB0619DDFC2E005DBB65 /* Release */,
			);
			defaultConfigurationIsVisible = 0;
			defaultConfigurationName = Release;
		};
		438CDB0719DDFC2E005DBB65 /* Build configuration list for PBXNativeTarget "PostcardTests" */ = {
			isa = XCConfigurationList;
			buildConfigurations = (
				438CDB0819DDFC2E005DBB65 /* Debug */,
				438CDB0919DDFC2E005DBB65 /* Release */,
			);
			defaultConfigurationIsVisible = 0;
			defaultConfigurationName = Release;
		};
/* End XCConfigurationList section */
	};
	rootObject = 438CDADD19DDFC2E005DBB65 /* Project object */;
}
